
Microsoft Visual Studio Solution File, Format Version 12.00
# Visual Studio Version 17
VisualStudioVersion = 17.2.32616.157
MinimumVisualStudioVersion = 10.0.40219.1
Project("{FAE04EC0-301F-11D3-BF4B-00C04F79EFBC}") = "E07_SomarDoisNumerosDiferentesZero", "E07_SomarDoisNumerosDiferentesZero\E07_SomarDoisNumerosDiferentesZero.csproj", "{D5C953C3-0364-4E04-94BE-A9EE8E3B7E4B}"
EndProject
Project("{FAE04EC0-301F-11D3-BF4B-00C04F79EFBC}") = "E06_InscreverFormandoEmCursos", "E06_InscreverFormandoEmCursos\E06_InscreverFormandoEmCursos.csproj", "{D620E1BB-F032-4CE6-AFA4-3B39888C6E5F}"
EndProject
Project("{FAE04EC0-301F-11D3-BF4B-00C04F79EFBC}") = "E07.1_VerificarNumerosParesESomar", "E07.1_VerificarNumerosParesESomar\E07.1_VerificarNumerosParesESomar.csproj", "{CEF902EE-56FA-4B44-BA18-39280CD76A1D}"
EndProject
Project("{FAE04EC0-301F-11D3-BF4B-00C04F79EFBC}") = "Calculadora", "Calculadora\Calculadora.csproj", "{DF6839FA-B316-4F03-9009-7749DC199513}"
EndProject
Project("{FAE04EC0-301F-11D3-BF4B-00C04F79EFBC}") = "Tabuada", "Tabuada\Tabuada.csproj", "{6E8EF97E-D6C4-46E8-B7AE-4031C52D93E9}"
EndProject
Project("{FAE04EC0-301F-11D3-BF4B-00C04F79EFBC}") = "SomarDoisNumerosSeAbosForemDiferentesDeZero", "SomarDoisNumerosSeAbosForemDiferentesDeZero\SomarDoisNumerosSeAbosForemDiferentesDeZero.csproj", "{ABF78573-C877-4550-A502-B0F025A538D6}"
EndProject
Project("{FAE04EC0-301F-11D3-BF4B-00C04F79EFBC}") = "Subrotinas", "Subrotinas\Subrotinas.csproj", "{7B302EF7-0AEA-487C-BFF4-08A2F443EF69}"
EndProject
Global
	GlobalSection(SolutionConfigurationPlatforms) = preSolution
		Debug|Any CPU = Debug|Any CPU
		Release|Any CPU = Release|Any CPU
	EndGlobalSection
	GlobalSection(ProjectConfigurationPlatforms) = postSolution
		{D5C953C3-0364-4E04-94BE-A9EE8E3B7E4B}.Debug|Any CPU.ActiveCfg = Debug|Any CPU
		{D5C953C3-0364-4E04-94BE-A9EE8E3B7E4B}.Debug|Any CPU.Build.0 = Debug|Any CPU
		{D5C953C3-0364-4E04-94BE-A9EE8E3B7E4B}.Release|Any CPU.ActiveCfg = Release|Any CPU
		{D5C953C3-0364-4E04-94BE-A9EE8E3B7E4B}.Release|Any CPU.Build.0 = Release|Any CPU
		{D620E1BB-F032-4CE6-AFA4-3B39888C6E5F}.Debug|Any CPU.ActiveCfg = Debug|Any CPU
		{D620E1BB-F032-4CE6-AFA4-3B39888C6E5F}.Debug|Any CPU.Build.0 = Debug|Any CPU
		{D620E1BB-F032-4CE6-AFA4-3B39888C6E5F}.Release|Any CPU.ActiveCfg = Release|Any CPU
		{D620E1BB-F032-4CE6-AFA4-3B39888C6E5F}.Release|Any CPU.Build.0 = Release|Any CPU
		{CEF902EE-56FA-4B44-BA18-39280CD76A1D}.Debug|Any CPU.ActiveCfg = Debug|Any CPU
		{CEF902EE-56FA-4B44-BA18-39280CD76A1D}.Debug|Any CPU.Build.0 = Debug|Any CPU
		{CEF902EE-56FA-4B44-BA18-39280CD76A1D}.Release|Any CPU.ActiveCfg = Release|Any CPU
		{CEF902EE-56FA-4B44-BA18-39280CD76A1D}.Release|Any CPU.Build.0 = Release|Any CPU
		{DF6839FA-B316-4F03-9009-7749DC199513}.Debug|Any CPU.ActiveCfg = Debug|Any CPU
		{DF6839FA-B316-4F03-9009-7749DC199513}.Debug|Any CPU.Build.0 = Debug|Any CPU
		{DF6839FA-B316-4F03-9009-7749DC199513}.Release|Any CPU.ActiveCfg = Release|Any CPU
		{DF6839FA-B316-4F03-9009-7749DC199513}.Release|Any CPU.Build.0 = Release|Any CPU
		{6E8EF97E-D6C4-46E8-B7AE-4031C52D93E9}.Debug|Any CPU.ActiveCfg = Debug|Any CPU
		{6E8EF97E-D6C4-46E8-B7AE-4031C52D93E9}.Debug|Any CPU.Build.0 = Debug|Any CPU
		{6E8EF97E-D6C4-46E8-B7AE-4031C52D93E9}.Release|Any CPU.ActiveCfg = Release|Any CPU
		{6E8EF97E-D6C4-46E8-B7AE-4031C52D93E9}.Release|Any CPU.Build.0 = Release|Any CPU
		{ABF78573-C877-4550-A502-B0F025A538D6}.Debug|Any CPU.ActiveCfg = Debug|Any CPU
		{ABF78573-C877-4550-A502-B0F025A538D6}.Debug|Any CPU.Build.0 = Debug|Any CPU
		{ABF78573-C877-4550-A502-B0F025A538D6}.Release|Any CPU.ActiveCfg = Release|Any CPU
		{ABF78573-C877-4550-A502-B0F025A538D6}.Release|Any CPU.Build.0 = Release|Any CPU
		{7B302EF7-0AEA-487C-BFF4-08A2F443EF69}.Debug|Any CPU.ActiveCfg = Debug|Any CPU
		{7B302EF7-0AEA-487C-BFF4-08A2F443EF69}.Debug|Any CPU.Build.0 = Debug|Any CPU
		{7B302EF7-0AEA-487C-BFF4-08A2F443EF69}.Release|Any CPU.ActiveCfg = Release|Any CPU
		{7B302EF7-0AEA-487C-BFF4-08A2F443EF69}.Release|Any CPU.Build.0 = Release|Any CPU
	EndGlobalSection
	GlobalSection(SolutionProperties) = preSolution
		HideSolutionNode = FALSE
	EndGlobalSection
	GlobalSection(ExtensibilityGlobals) = postSolution
		SolutionGuid = {5D50D616-9129-4A0C-9922-917E9A847676}
	EndGlobalSection
EndGlobal
